// !$*UTF8*$!
{
	archiveVersion = 1;
	classes = {
	};
	objectVersion = 48;
	objects = {

/* Begin PBXBuildFile section */
		63F48456201AC71B00202847 /* AppDelegate.m in Sources */ = {isa = PBXBuildFile; fileRef = 63F48455201AC71B00202847 /* AppDelegate.m */; };
		63F48459201AC71B00202847 /* ViewController.m in Sources */ = {isa = PBXBuildFile; fileRef = 63F48458201AC71B00202847 /* ViewController.m */; };
		63F4845C201AC71B00202847 /* Main.storyboard in Resources */ = {isa = PBXBuildFile; fileRef = 63F4845A201AC71B00202847 /* Main.storyboard */; };
		63F4845E201AC71B00202847 /* Assets.xcassets in Resources */ = {isa = PBXBuildFile; fileRef = 63F4845D201AC71B00202847 /* Assets.xcassets */; };
		63F48461201AC71B00202847 /* LaunchScreen.storyboard in Resources */ = {isa = PBXBuildFile; fileRef = 63F4845F201AC71B00202847 /* LaunchScreen.storyboard */; };
		63F48464201AC71B00202847 /* main.m in Sources */ = {isa = PBXBuildFile; fileRef = 63F48463201AC71B00202847 /* main.m */; };
/* End PBXBuildFile section */

/* Begin PBXFileReference section */
		63F48451201AC71B00202847 /* DLStretchableTableHeaderView.app */ = {isa = PBXFileReference; explicitFileType = wrapper.application; includeInIndex = 0; path = DLStretchableTableHeaderView.app; sourceTree = BUILT_PRODUCTS_DIR; };
		63F48454201AC71B00202847 /* AppDelegate.h */ = {isa = PBXFileReference; lastKnownFileType = sourcecode.c.h; path = AppDelegate.h; sourceTree = "<group>"; };
		63F48455201AC71B00202847 /* AppDelegate.m */ = {isa = PBXFileReference; lastKnownFileType = sourcecode.c.objc; path = AppDelegate.m; sourceTree = "<group>"; };
		63F48457201AC71B00202847 /* ViewController.h */ = {isa = PBXFileReference; lastKnownFileType = sourcecode.c.h; path = ViewController.h; sourceTree = "<group>"; };
		63F48458201AC71B00202847 /* ViewController.m */ = {isa = PBXFileReference; lastKnownFileType = sourcecode.c.objc; path = ViewController.m; sourceTree = "<group>"; };
		63F4845B201AC71B00202847 /* Base */ = {isa = PBXFileReference; lastKnownFileType = file.storyboard; name = Base; path = Base.lproj/Main.storyboard; sourceTree = "<group>"; };
		63F4845D201AC71B00202847 /* Assets.xcassets */ = {isa = PBXFileReference; lastKnownFileType = folder.assetcatalog; path = Assets.xcassets; sourceTree = "<group>"; };
		63F48460201AC71B00202847 /* Base */ = {isa = PBXFileReference; lastKnownFileType = file.storyboard; name = Base; path = Base.lproj/LaunchScreen.storyboard; sourceTree = "<group>"; };
		63F48462201AC71B00202847 /* Info.plist */ = {isa = PBXFileReference; lastKnownFileType = text.plist.xml; path = Info.plist; sourceTree = "<group>"; };
		63F48463201AC71B00202847 /* main.m */ = {isa = PBXFileReference; lastKnownFileType = sourcecode.c.objc; path = main.m; sourceTree = "<group>"; };
/* End PBXFileReference section */

/* Begin PBXFrameworksBuildPhase section */
		63F4844E201AC71B00202847 /* Frameworks */ = {
			isa = PBXFrameworksBuildPhase;
			buildActionMask = 2147483647;
			files = (
			);
			runOnlyForDeploymentPostprocessing = 0;
		};
/* End PBXFrameworksBuildPhase section */

/* Begin PBXGroup section */
		63F48448201AC71B00202847 = {
			isa = PBXGroup;
			children = (
				63F48453201AC71B00202847 /* DLStretchableTableHeaderView */,
				63F48452201AC71B00202847 /* Products */,
			);
			sourceTree = "<group>";
		};
		63F48452201AC71B00202847 /* Products */ = {
			isa = PBXGroup;
			children = (
				63F48451201AC71B00202847 /* DLStretchableTableHeaderView.app */,
			);
			name = Products;
			sourceTree = "<group>";
		};
		63F48453201AC71B00202847 /* DLStretchableTableHeaderView */ = {
			isa = PBXGroup;
			children = (
				63F48454201AC71B00202847 /* AppDelegate.h */,
				63F48455201AC71B00202847 /* AppDelegate.m */,
				63F48457201AC71B00202847 /* ViewController.h */,
				63F48458201AC71B00202847 /* ViewController.m */,
				63F4845A201AC71B00202847 /* Main.storyboard */,
				63F4845D201AC71B00202847 /* Assets.xcassets */,
				63F4845F201AC71B00202847 /* LaunchScreen.storyboard */,
				63F48462201AC71B00202847 /* Info.plist */,
				63F48463201AC71B00202847 /* main.m */,
			);
			path = DLStretchableTableHeaderView;
			sourceTree = "<group>";
		};
/* End PBXGroup section */

/* Begin PBXNativeTarget section */
		63F48450201AC71B00202847 /* DLStretchableTableHeaderView */ = {
			isa = PBXNativeTarget;
			buildConfigurationList = 63F48467201AC71B00202847 /* Build configuration list for PBXNativeTarget "DLStretchableTableHeaderView" */;
			buildPhases = (
				63F4844D201AC71B00202847 /* Sources */,
				63F4844E201AC71B00202847 /* Frameworks */,
				63F4844F201AC71B00202847 /* Resources */,
			);
			buildRules = (
			);
			dependencies = (
			);
			name = DLStretchableTableHeaderView;
			productName = DLStretchableTableHeaderView;
			productReference = 63F48451201AC71B00202847 /* DLStretchableTableHeaderView.app */;
			productType = "com.apple.product-type.application";
		};
/* End PBXNativeTarget section */

/* Begin PBXProject section */
		63F48449201AC71B00202847 /* Project object */ = {
			isa = PBXProject;
			attributes = {
				LastUpgradeCheck = 0920;
				ORGANIZATIONNAME = David;
				TargetAttributes = {
					63F48450201AC71B00202847 = {
						CreatedOnToolsVersion = 9.2;
						ProvisioningStyle = Automatic;
					};
				};
			};
			buildConfigurationList = 63F4844C201AC71B00202847 /* Build configuration list for PBXProject "DLStretchableTableHeaderView" */;
			compatibilityVersion = "Xcode 8.0";
			developmentRegion = en;
			hasScannedForEncodings = 0;
			knownRegions = (
				en,
				Base,
			);
			mainGroup = 63F48448201AC71B00202847;
			productRefGroup = 63F48452201AC71B00202847 /* Products */;
			projectDirPath = "";
			projectRoot = "";
			targets = (
				63F48450201AC71B00202847 /* DLStretchableTableHeaderView */,
			);
		};
/* End PBXProject section */

/* Begin PBXResourcesBuildPhase section */
		63F4844F201AC71B00202847 /* Resources */ = {
			isa = PBXResourcesBuildPhase;
			buildActionMask = 2147483647;
			files = (
				63F48461201AC71B00202847 /* LaunchScreen.storyboard in Resources */,
				63F4845E201AC71B00202847 /* Assets.xcassets in Resources */,
				63F4845C201AC71B00202847 /* Main.storyboard in Resources */,
			);
			runOnlyForDeploymentPostprocessing = 0;
		};
/* End PBXResourcesBuildPhase section */

/* Begin PBXSourcesBuildPhase section */
		63F4844D201AC71B00202847 /* Sources */ = {
			isa = PBXSourcesBuildPhase;
			buildActionMask = 2147483647;
			files = (
				63F48459201AC71B00202847 /* ViewController.m in Sources */,
				63F48464201AC71B00202847 /* main.m in Sources */,
				63F48456201AC71B00202847 /* AppDelegate.m in Sources */,
			);
			runOnlyForDeploymentPostprocessing = 0;
		};
/* End PBXSourcesBuildPhase section */

/* Begin PBXVariantGroup section */
		63F4845A201AC71B00202847 /* Main.storyboard */ = {
			isa = PBXVariantGroup;
			children = (
				63F4845B201AC71B00202847 /* Base */,
			);
			name = Main.storyboard;
			sourceTree = "<group>";
		};
		63F4845F201AC71B00202847 /* LaunchScreen.storyboard */ = {
			isa = PBXVariantGroup;
			children = (
				63F48460201AC71B00202847 /* Base */,
			);
			name = LaunchScreen.storyboard;
			sourceTree = "<group>";
		};
/* End PBXVariantGroup section */

/* Begin XCBuildConfiguration section */
		63F48465201AC71B00202847 /* Debug */ = {
			isa = XCBuildConfiguration;
			buildSettings = {
				ALWAYS_SEARCH_USER_PATHS = NO;
				CLANG_ANALYZER_NONNULL = YES;
				CLANG_ANALYZER_NUMBER_OBJECT_CONVERSION = YES_AGGRESSIVE;
				CLANG_CXX_LANGUAGE_STANDARD = "gnu++14";
				CLANG_CXX_LIBRARY = "libc++";
				CLANG_ENABLE_MODULES = YES;
				CLANG_ENABLE_OBJC_ARC = YES;
				CLANG_WARN_BLOCK_CAPTURE_AUTORELEASING = YES;
				CLANG_WARN_BOOL_CONVERSION = YES;
				CLANG_WARN_COMMA = YES;
				CLANG_WARN_CONSTANT_CONVERSION = YES;
				CLANG_WARN_DIRECT_OBJC_ISA_USAGE = YES_ERROR;
				CLANG_WARN_DOCUMENTATION_COMMENTS = YES;
				CLANG_WARN_EMPTY_BODY = YES;
				CLANG_WARN_ENUM_CONVERSION = YES;
				CLANG_WARN_INFINITE_RECURSION = YES;
				CLANG_WARN_INT_CONVERSION = YES;
				CLANG_WARN_NON_LITERAL_NULL_CONVERSION = YES;
				CLANG_WARN_OBJC_LITERAL_CONVERSION = YES;
				CLANG_WARN_OBJC_ROOT_CLASS = YES_ERROR;
				CLANG_WARN_RANGE_LOOP_ANALYSIS = YES;
				CLANG_WARN_STRICT_PROTOTYPES = YES;
				CLANG_WARN_SUSPICIOUS_MOVE = YES;
				CLANG_WARN_UNGUARDED_AVAILABILITY = YES_AGGRESSIVE;
				CLANG_WARN_UNREACHABLE_CODE = YES;
				CLANG_WARN__DUPLICATE_METHOD_MATCH = YES;
				CODE_SIGN_IDENTITY = "iPhone Developer";
				COPY_PHASE_STRIP = NO;
				DEBUG_INFORMATION_FORMAT = dwarf;
				ENABLE_STRICT_OBJC_MSGSEND = YES;
				ENABLE_TESTABILITY = YES;
				GCC_C_LANGUAGE_STANDARD = gnu11;
				GCC_DYNAMIC_NO_PIC = NO;
				GCC_NO_COMMON_BLOCKS = YES;
				GCC_OPTIMIZATION_LEVEL = 0;
				GCC_PREPROCESSOR_DEFINITIONS = (
					"DEBUG=1",
					"$(inherited)",
				);
				GCC_WARN_64_TO_32_BIT_CONVERSION = YES;
				GCC_WARN_ABOUT_RETURN_TYPE = YES_ERROR;
				GCC_WARN_UNDECLARED_SELECTOR = YES;
				GCC_WARN_UNINITIALIZED_AUTOS = YES_AGGRESSIVE;
				GCC_WARN_UNUSED_FUNCTION = YES;
				GCC_WARN_UNUSED_VARIABLE = YES;
				IPHONEOS_DEPLOYMENT_TARGET = 11.2;
				MTL_ENABLE_DEBUG_INFO = YES;
				ONLY_ACTIVE_ARCH = YES;
				SDKROOT = iphoneos;
			};
			name = Debug;
		};
		63F48466201AC71B00202847 /* Release */ = {
			isa = XCBuildConfiguration;
			buildSettings = {
				ALWAYS_SEARCH_USER_PATHS = NO;
				CLANG_ANALYZER_NONNULL = YES;
				CLANG_ANALYZER_NUMBER_OBJECT_CONVERSION = YES_AGGRESSIVE;
				CLANG_CXX_LANGUAGE_STANDARD = "gnu++14";
				CLANG_CXX_LIBRARY = "libc++";
				CLANG_ENABLE_MODULES = YES;
				CLANG_ENABLE_OBJC_ARC = YES;
				CLANG_WARN_BLOCK_CAPTURE_AUTORELEASING = YES;
				CLANG_WARN_BOOL_CONVERSION = YES;
				CLANG_WARN_COMMA = YES;
				CLANG_WARN_CONSTANT_CONVERSION = YES;
				CLANG_WARN_DIRECT_OBJC_ISA_USAGE = YES_ERROR;
				CLANG_WARN_DOCUMENTATION_COMMENTS = YES;
				CLANG_WARN_EMPTY_BODY = YES;
				CLANG_WARN_ENUM_CONVERSION = YES;
				CLANG_WARN_INFINITE_RECURSION = YES;
				CLANG_WARN_INT_CONVERSION = YES;
				CLANG_WARN_NON_LITERAL_NULL_CONVERSION = YES;
				CLANG_WARN_OBJC_LITERAL_CONVERSION = YES;
				CLANG_WARN_OBJC_ROOT_CLASS = YES_ERROR;
				CLANG_WARN_RANGE_LOOP_ANALYSIS = YES;
				CLANG_WARN_STRICT_PROTOTYPES = YES;
				CLANG_WARN_SUSPICIOUS_MOVE = YES;
				CLANG_WARN_UNGUARDED_AVAILABILITY = YES_AGGRESSIVE;
				CLANG_WARN_UNREACHABLE_CODE = YES;
				CLANG_WARN__DUPLICATE_METHOD_MATCH = YES;
				CODE_SIGN_IDENTITY = "iPhone Developer";
				COPY_PHASE_STRIP = NO;
				DEBUG_INFORMATION_FORMAT = "dwarf-with-dsym";
				ENABLE_NS_ASSERTIONS = NO;
				ENABLE_STRICT_OBJC_MSGSEND = YES;
				GCC_C_LANGUAGE_STANDARD = gnu11;
				GCC_NO_COMMON_BLOCKS = YES;
				GCC_WARN_64_TO_32_BIT_CONVERSION = YES;
				GCC_WARN_ABOUT_RETURN_TYPE = YES_ERROR;
				GCC_WARN_UNDECLARED_SELECTOR = YES;
				GCC_WARN_UNINITIALIZED_AUTOS = YES_AGGRESSIVE;
				GCC_WARN_UNUSED_FUNCTION = YES;
				GCC_WARN_UNUSED_VARIABLE = YES;
				IPHONEOS_DEPLOYMENT_TARGET = 11.2;
				MTL_ENABLE_DEBUG_INFO = NO;
				SDKROOT = iphoneos;
				VALIDATE_PRODUCT = YES;
			};
			name = Release;
		};
		63F48468201AC71B00202847 /* Debug */ = {
			isa = XCBuildConfiguration;
			buildSettings = {
				ASSETCATALOG_COMPILER_APPICON_NAME = AppIcon;
				CODE_SIGN_STYLE = Automatic;
				DEVELOPMENT_TEAM = LN7UHJEGQE;
				INFOPLIST_FILE = DLStretchableTableHeaderView/Info.plist;
				IPHONEOS_DEPLOYMENT_TARGET = 10.0;
				LD_RUNPATH_SEARCH_PATHS = "$(inherited) @executable_path/Frameworks";
				PRODUCT_BUNDLE_IDENTIFIER = david.demo.app.DLStretchableTableHeaderView;
				PRODUCT_NAME = "$(TARGET_NAME)";
				TARGETED_DEVICE_FAMILY = "1,2";
			};
			name = Debug;
		};
		63F48469201AC71B00202847 /* Release */ = {
			isa = XCBuildConfiguration;
			buildSettings = {
				ASSETCATALOG_COMPILER_APPICON_NAME = AppIcon;
				CODE_SIGN_STYLE = Automatic;
				DEVELOPMENT_TEAM = LN7UHJEGQE;
				INFOPLIST_FILE = DLStretchableTableHeaderView/Info.plist;
				IPHONEOS_DEPLOYMENT_TARGET = 10.0;
				LD_RUNPATH_SEARCH_PATHS = "$(inherited) @executable_path/Frameworks";
				PRODUCT_BUNDLE_IDENTIFIER = david.demo.app.DLStretchableTableHeaderView;
				PRODUCT_NAME = "$(TARGET_NAME)";
				TARGETED_DEVICE_FAMILY = "1,2";
			};
			name = Release;
		};
/* End XCBuildConfiguration section */

/* Begin XCConfigurationList section */
		63F4844C201AC71B00202847 /* Build configuration list for PBXProject "DLStretchableTableHeaderView" */ = {
			isa = XCConfigurationList;
			buildConfigurations = (
				63F48465201AC71B00202847 /* Debug */,
				63F48466201AC71B00202847 /* Release */,
			);
			defaultConfigurationIsVisible = 0;
			defaultConfigurationName = Release;
		};
		63F48467201AC71B00202847 /* Build configuration list for PBXNativeTarget "DLStretchableTableHeaderView" */ = {
			isa = XCConfigurationList;
			buildConfigurations = (
				63F48468201AC71B00202847 /* Debug */,
				63F48469201AC71B00202847 /* Release */,
			);
			defaultConfigurationIsVisible = 0;
			defaultConfigurationName = Release;
		};
/* End XCConfigurationList section */
	};
	rootObject = 63F48449201AC71B00202847 /* Project object */;
}
